
Microsoft Visual Studio Solution File, Format Version 12.00
# Visual Studio Version 16
VisualStudioVersion = 16.0.31424.327
MinimumVisualStudioVersion = 10.0.40219.1
Project("{FAE04EC0-301F-11D3-BF4B-00C04F79EFBC}") = "SimpleCalculator", "SimpleCalculator\SimpleCalculator.csproj", "{10C27DBD-2CE0-4242-B6FD-DA09F2279B0A}"
EndProject
Global
	GlobalSection(SolutionConfigurationPlatforms) = preSolution
		Debug|Any CPU = Debug|Any CPU
		Release|Any CPU = Release|Any CPU
	EndGlobalSection
	GlobalSection(ProjectConfigurationPlatforms) = postSolution
		{10C27DBD-2CE0-4242-B6FD-DA09F2279B0A}.Debug|Any CPU.ActiveCfg = Debug|Any CPU
		{10C27DBD-2CE0-4242-B6FD-DA09F2279B0A}.Debug|Any CPU.Build.0 = Debug|Any CPU
		{10C27DBD-2CE0-4242-B6FD-DA09F2279B0A}.Release|Any CPU.ActiveCfg = Release|Any CPU
		{10C27DBD-2CE0-4242-B6FD-DA09F2279B0A}.Release|Any CPU.Build.0 = Release|Any CPU
	EndGlobalSection
	GlobalSection(SolutionProperties) = preSolution
		HideSolutionNode = FALSE
	EndGlobalSection
	GlobalSection(ExtensibilityGlobals) = postSolution
		SolutionGuid = {9A899444-7423-4912-AB29-DA04E0F1686B}
	EndGlobalSection
EndGlobal
